
Microsoft Visual Studio Solution File, Format Version 12.00
# Visual Studio Version 17
VisualStudioVersion = 17.11.35327.3
MinimumVisualStudioVersion = 10.0.40219.1
Project("{FAE04EC0-301F-11D3-BF4B-00C04F79EFBC}") = "SmartDesktopApp", "SmartDesktopApp\SmartDesktopApp.csproj", "{CE774CF8-3F3E-49FF-85BD-E98E39D917FF}"
EndProject
Global
	GlobalSection(SolutionConfigurationPlatforms) = preSolution
		Debug|Any CPU = Debug|Any CPU
		Release|Any CPU = Release|Any CPU
	EndGlobalSection
	GlobalSection(ProjectConfigurationPlatforms) = postSolution
		{CE774CF8-3F3E-49FF-85BD-E98E39D917FF}.Debug|Any CPU.ActiveCfg = Debug|Any CPU
		{CE774CF8-3F3E-49FF-85BD-E98E39D917FF}.Debug|Any CPU.Build.0 = Debug|Any CPU
		{CE774CF8-3F3E-49FF-85BD-E98E39D917FF}.Release|Any CPU.ActiveCfg = Release|Any CPU
		{CE774CF8-3F3E-49FF-85BD-E98E39D917FF}.Release|Any CPU.Build.0 = Release|Any CPU
	EndGlobalSection
	GlobalSection(SolutionProperties) = preSolution
		HideSolutionNode = FALSE
	EndGlobalSection
	GlobalSection(ExtensibilityGlobals) = postSolution
		SolutionGuid = {0E202E5E-16B6-41F2-AC0A-E616EB34F0CC}
	EndGlobalSection
EndGlobal
